// !$*UTF8*$!
{
	archiveVersion = 1;
	classes = {
	};
	objectVersion = 56;
	objects = {

/* Begin PBXBuildFile section */
		F81212F929F49D340099F756 /* DataStore.swift in Sources */ = {isa = PBXBuildFile; fileRef = F81212F829F49D340099F756 /* DataStore.swift */; };
		F81212FB29F49D770099F756 /* Rating.swift in Sources */ = {isa = PBXBuildFile; fileRef = F81212FA29F49D770099F756 /* Rating.swift */; };
		F81212FD29F4A36C0099F756 /* NotificationHandler.swift in Sources */ = {isa = PBXBuildFile; fileRef = F81212FC29F4A36C0099F756 /* NotificationHandler.swift */; };
		F81212FF29F4E99B0099F756 /* AppDelegate.swift in Sources */ = {isa = PBXBuildFile; fileRef = F81212FE29F4E99B0099F756 /* AppDelegate.swift */; };
		F812130129F501A30099F756 /* Colors.swift in Sources */ = {isa = PBXBuildFile; fileRef = F812130029F501A30099F756 /* Colors.swift */; };
		F812130329F52A1B0099F756 /* EnableNotificationsView.swift in Sources */ = {isa = PBXBuildFile; fileRef = F812130229F52A1B0099F756 /* EnableNotificationsView.swift */; };
		F8E80B0529F74EF200707B61 /* ResultsView.swift in Sources */ = {isa = PBXBuildFile; fileRef = F8E80B0429F74EF200707B61 /* ResultsView.swift */; };
		F8EEDBAD29F392B1001233C8 /* daycheckApp.swift in Sources */ = {isa = PBXBuildFile; fileRef = F8EEDBAC29F392B1001233C8 /* daycheckApp.swift */; };
		F8EEDBAF29F392B1001233C8 /* MainView.swift in Sources */ = {isa = PBXBuildFile; fileRef = F8EEDBAE29F392B1001233C8 /* MainView.swift */; };
		F8EEDBB429F392B2001233C8 /* Preview Assets.xcassets in Resources */ = {isa = PBXBuildFile; fileRef = F8EEDBB329F392B2001233C8 /* Preview Assets.xcassets */; };
		F8EEDBBD29F3ED3E001233C8 /* Assets.xcassets in Resources */ = {isa = PBXBuildFile; fileRef = F8EEDBBC29F3ED3E001233C8 /* Assets.xcassets */; };
		F8EEDBBF29F3FC4E001233C8 /* Colors.xcassets in Resources */ = {isa = PBXBuildFile; fileRef = F8EEDBBE29F3FC4E001233C8 /* Colors.xcassets */; };
/* End PBXBuildFile section */

/* Begin PBXFileReference section */
		F81212F829F49D340099F756 /* DataStore.swift */ = {isa = PBXFileReference; lastKnownFileType = sourcecode.swift; path = DataStore.swift; sourceTree = "<group>"; };
		F81212FA29F49D770099F756 /* Rating.swift */ = {isa = PBXFileReference; lastKnownFileType = sourcecode.swift; path = Rating.swift; sourceTree = "<group>"; };
		F81212FC29F4A36C0099F756 /* NotificationHandler.swift */ = {isa = PBXFileReference; fileEncoding = 4; lastKnownFileType = sourcecode.swift; path = NotificationHandler.swift; sourceTree = "<group>"; };
		F81212FE29F4E99B0099F756 /* AppDelegate.swift */ = {isa = PBXFileReference; lastKnownFileType = sourcecode.swift; path = AppDelegate.swift; sourceTree = "<group>"; };
		F812130029F501A30099F756 /* Colors.swift */ = {isa = PBXFileReference; lastKnownFileType = sourcecode.swift; path = Colors.swift; sourceTree = "<group>"; };
		F812130229F52A1B0099F756 /* EnableNotificationsView.swift */ = {isa = PBXFileReference; lastKnownFileType = sourcecode.swift; path = EnableNotificationsView.swift; sourceTree = "<group>"; };
		F850F83429F5368E00A99EAC /* Info.plist */ = {isa = PBXFileReference; lastKnownFileType = text.plist; path = Info.plist; sourceTree = "<group>"; };
		F855093D29F669AB00EDDD0D /* daycheck.entitlements */ = {isa = PBXFileReference; lastKnownFileType = text.plist.entitlements; path = daycheck.entitlements; sourceTree = "<group>"; };
		F8E80B0429F74EF200707B61 /* ResultsView.swift */ = {isa = PBXFileReference; lastKnownFileType = sourcecode.swift; path = ResultsView.swift; sourceTree = "<group>"; };
		F8EEDBA929F392B1001233C8 /* daycheck.app */ = {isa = PBXFileReference; explicitFileType = wrapper.application; includeInIndex = 0; path = daycheck.app; sourceTree = BUILT_PRODUCTS_DIR; };
		F8EEDBAC29F392B1001233C8 /* daycheckApp.swift */ = {isa = PBXFileReference; lastKnownFileType = sourcecode.swift; path = daycheckApp.swift; sourceTree = "<group>"; };
		F8EEDBAE29F392B1001233C8 /* MainView.swift */ = {isa = PBXFileReference; lastKnownFileType = sourcecode.swift; path = MainView.swift; sourceTree = "<group>"; };
		F8EEDBB329F392B2001233C8 /* Preview Assets.xcassets */ = {isa = PBXFileReference; lastKnownFileType = folder.assetcatalog; path = "Preview Assets.xcassets"; sourceTree = "<group>"; };
		F8EEDBBC29F3ED3E001233C8 /* Assets.xcassets */ = {isa = PBXFileReference; lastKnownFileType = folder.assetcatalog; path = Assets.xcassets; sourceTree = "<group>"; };
		F8EEDBBE29F3FC4E001233C8 /* Colors.xcassets */ = {isa = PBXFileReference; lastKnownFileType = folder.assetcatalog; path = Colors.xcassets; sourceTree = "<group>"; };
/* End PBXFileReference section */

/* Begin PBXFrameworksBuildPhase section */
		F8EEDBA629F392B1001233C8 /* Frameworks */ = {
			isa = PBXFrameworksBuildPhase;
			buildActionMask = 2147483647;
			files = (
			);
			runOnlyForDeploymentPostprocessing = 0;
		};
/* End PBXFrameworksBuildPhase section */

/* Begin PBXGroup section */
		F812130429F52A520099F756 /* Views */ = {
			isa = PBXGroup;
			children = (
				F8EEDBAE29F392B1001233C8 /* MainView.swift */,
				F812130229F52A1B0099F756 /* EnableNotificationsView.swift */,
				F8E80B0429F74EF200707B61 /* ResultsView.swift */,
			);
			path = Views;
			sourceTree = "<group>";
		};
		F8EEDBA029F392B1001233C8 = {
			isa = PBXGroup;
			children = (
				F8EEDBAB29F392B1001233C8 /* daycheck */,
				F8EEDBAA29F392B1001233C8 /* Products */,
			);
			sourceTree = "<group>";
		};
		F8EEDBAA29F392B1001233C8 /* Products */ = {
			isa = PBXGroup;
			children = (
				F8EEDBA929F392B1001233C8 /* daycheck.app */,
			);
			name = Products;
			sourceTree = "<group>";
		};
		F8EEDBAB29F392B1001233C8 /* daycheck */ = {
			isa = PBXGroup;
			children = (
				F855093D29F669AB00EDDD0D /* daycheck.entitlements */,
				F850F83429F5368E00A99EAC /* Info.plist */,
				F8EEDBAC29F392B1001233C8 /* daycheckApp.swift */,
				F81212FE29F4E99B0099F756 /* AppDelegate.swift */,
				F812130429F52A520099F756 /* Views */,
				F81212F829F49D340099F756 /* DataStore.swift */,
				F81212FA29F49D770099F756 /* Rating.swift */,
				F81212FC29F4A36C0099F756 /* NotificationHandler.swift */,
				F812130029F501A30099F756 /* Colors.swift */,
				F8EEDBBC29F3ED3E001233C8 /* Assets.xcassets */,
				F8EEDBBE29F3FC4E001233C8 /* Colors.xcassets */,
				F8EEDBB229F392B2001233C8 /* Preview Content */,
			);
			path = daycheck;
			sourceTree = "<group>";
		};
		F8EEDBB229F392B2001233C8 /* Preview Content */ = {
			isa = PBXGroup;
			children = (
				F8EEDBB329F392B2001233C8 /* Preview Assets.xcassets */,
			);
			path = "Preview Content";
			sourceTree = "<group>";
		};
/* End PBXGroup section */

/* Begin PBXNativeTarget section */
		F8EEDBA829F392B1001233C8 /* daycheck */ = {
			isa = PBXNativeTarget;
			buildConfigurationList = F8EEDBB729F392B2001233C8 /* Build configuration list for PBXNativeTarget "daycheck" */;
			buildPhases = (
				F8EEDBA529F392B1001233C8 /* Sources */,
				F8EEDBA629F392B1001233C8 /* Frameworks */,
				F8EEDBA729F392B1001233C8 /* Resources */,
			);
			buildRules = (
			);
			dependencies = (
			);
			name = daycheck;
			productName = daycheck;
			productReference = F8EEDBA929F392B1001233C8 /* daycheck.app */;
			productType = "com.apple.product-type.application";
		};
/* End PBXNativeTarget section */

/* Begin PBXProject section */
		F8EEDBA129F392B1001233C8 /* Project object */ = {
			isa = PBXProject;
			attributes = {
				BuildIndependentTargetsInParallel = 1;
				LastSwiftUpdateCheck = 1420;
				LastUpgradeCheck = 1420;
				TargetAttributes = {
					F8EEDBA829F392B1001233C8 = {
						CreatedOnToolsVersion = 14.2;
					};
				};
			};
			buildConfigurationList = F8EEDBA429F392B1001233C8 /* Build configuration list for PBXProject "daycheck" */;
			compatibilityVersion = "Xcode 14.0";
			developmentRegion = en;
			hasScannedForEncodings = 0;
			knownRegions = (
				en,
				Base,
			);
			mainGroup = F8EEDBA029F392B1001233C8;
			productRefGroup = F8EEDBAA29F392B1001233C8 /* Products */;
			projectDirPath = "";
			projectRoot = "";
			targets = (
				F8EEDBA829F392B1001233C8 /* daycheck */,
			);
		};
/* End PBXProject section */

/* Begin PBXResourcesBuildPhase section */
		F8EEDBA729F392B1001233C8 /* Resources */ = {
			isa = PBXResourcesBuildPhase;
			buildActionMask = 2147483647;
			files = (
				F8EEDBBF29F3FC4E001233C8 /* Colors.xcassets in Resources */,
				F8EEDBBD29F3ED3E001233C8 /* Assets.xcassets in Resources */,
				F8EEDBB429F392B2001233C8 /* Preview Assets.xcassets in Resources */,
			);
			runOnlyForDeploymentPostprocessing = 0;
		};
/* End PBXResourcesBuildPhase section */

/* Begin PBXSourcesBuildPhase section */
		F8EEDBA529F392B1001233C8 /* Sources */ = {
			isa = PBXSourcesBuildPhase;
			buildActionMask = 2147483647;
			files = (
				F81212FF29F4E99B0099F756 /* AppDelegate.swift in Sources */,
				F8E80B0529F74EF200707B61 /* ResultsView.swift in Sources */,
				F81212FB29F49D770099F756 /* Rating.swift in Sources */,
				F8EEDBAF29F392B1001233C8 /* MainView.swift in Sources */,
				F812130129F501A30099F756 /* Colors.swift in Sources */,
				F812130329F52A1B0099F756 /* EnableNotificationsView.swift in Sources */,
				F81212FD29F4A36C0099F756 /* NotificationHandler.swift in Sources */,
				F81212F929F49D340099F756 /* DataStore.swift in Sources */,
				F8EEDBAD29F392B1001233C8 /* daycheckApp.swift in Sources */,
			);
			runOnlyForDeploymentPostprocessing = 0;
		};
/* End PBXSourcesBuildPhase section */

/* Begin XCBuildConfiguration section */
		F8EEDBB529F392B2001233C8 /* Debug */ = {
			isa = XCBuildConfiguration;
			buildSettings = {
				ALWAYS_SEARCH_USER_PATHS = NO;
				CLANG_ANALYZER_NONNULL = YES;
				CLANG_ANALYZER_NUMBER_OBJECT_CONVERSION = YES_AGGRESSIVE;
				CLANG_CXX_LANGUAGE_STANDARD = "gnu++20";
				CLANG_ENABLE_MODULES = YES;
				CLANG_ENABLE_OBJC_ARC = YES;
				CLANG_ENABLE_OBJC_WEAK = YES;
				CLANG_WARN_BLOCK_CAPTURE_AUTORELEASING = YES;
				CLANG_WARN_BOOL_CONVERSION = YES;
				CLANG_WARN_COMMA = YES;
				CLANG_WARN_CONSTANT_CONVERSION = YES;
				CLANG_WARN_DEPRECATED_OBJC_IMPLEMENTATIONS = YES;
				CLANG_WARN_DIRECT_OBJC_ISA_USAGE = YES_ERROR;
				CLANG_WARN_DOCUMENTATION_COMMENTS = YES;
				CLANG_WARN_EMPTY_BODY = YES;
				CLANG_WARN_ENUM_CONVERSION = YES;
				CLANG_WARN_INFINITE_RECURSION = YES;
				CLANG_WARN_INT_CONVERSION = YES;
				CLANG_WARN_NON_LITERAL_NULL_CONVERSION = YES;
				CLANG_WARN_OBJC_IMPLICIT_RETAIN_SELF = YES;
				CLANG_WARN_OBJC_LITERAL_CONVERSION = YES;
				CLANG_WARN_OBJC_ROOT_CLASS = YES_ERROR;
				CLANG_WARN_QUOTED_INCLUDE_IN_FRAMEWORK_HEADER = YES;
				CLANG_WARN_RANGE_LOOP_ANALYSIS = YES;
				CLANG_WARN_STRICT_PROTOTYPES = YES;
				CLANG_WARN_SUSPICIOUS_MOVE = YES;
				CLANG_WARN_UNGUARDED_AVAILABILITY = YES_AGGRESSIVE;
				CLANG_WARN_UNREACHABLE_CODE = YES;
				CLANG_WARN__DUPLICATE_METHOD_MATCH = YES;
				COPY_PHASE_STRIP = NO;
				DEBUG_INFORMATION_FORMAT = dwarf;
				ENABLE_STRICT_OBJC_MSGSEND = YES;
				ENABLE_TESTABILITY = YES;
				GCC_C_LANGUAGE_STANDARD = gnu11;
				GCC_DYNAMIC_NO_PIC = NO;
				GCC_NO_COMMON_BLOCKS = YES;
				GCC_OPTIMIZATION_LEVEL = 0;
				GCC_PREPROCESSOR_DEFINITIONS = (
					"DEBUG=1",
					"$(inherited)",
				);
				GCC_WARN_64_TO_32_BIT_CONVERSION = YES;
				GCC_WARN_ABOUT_RETURN_TYPE = YES_ERROR;
				GCC_WARN_UNDECLARED_SELECTOR = YES;
				GCC_WARN_UNINITIALIZED_AUTOS = YES_AGGRESSIVE;
				GCC_WARN_UNUSED_FUNCTION = YES;
				GCC_WARN_UNUSED_VARIABLE = YES;
				IPHONEOS_DEPLOYMENT_TARGET = 16.2;
				MTL_ENABLE_DEBUG_INFO = INCLUDE_SOURCE;
				MTL_FAST_MATH = YES;
				ONLY_ACTIVE_ARCH = YES;
				SDKROOT = iphoneos;
				SWIFT_ACTIVE_COMPILATION_CONDITIONS = DEBUG;
				SWIFT_OPTIMIZATION_LEVEL = "-Onone";
			};
			name = Debug;
		};
		F8EEDBB629F392B2001233C8 /* Release */ = {
			isa = XCBuildConfiguration;
			buildSettings = {
				ALWAYS_SEARCH_USER_PATHS = NO;
				CLANG_ANALYZER_NONNULL = YES;
				CLANG_ANALYZER_NUMBER_OBJECT_CONVERSION = YES_AGGRESSIVE;
				CLANG_CXX_LANGUAGE_STANDARD = "gnu++20";
				CLANG_ENABLE_MODULES = YES;
				CLANG_ENABLE_OBJC_ARC = YES;
				CLANG_ENABLE_OBJC_WEAK = YES;
				CLANG_WARN_BLOCK_CAPTURE_AUTORELEASING = YES;
				CLANG_WARN_BOOL_CONVERSION = YES;
				CLANG_WARN_COMMA = YES;
				CLANG_WARN_CONSTANT_CONVERSION = YES;
				CLANG_WARN_DEPRECATED_OBJC_IMPLEMENTATIONS = YES;
				CLANG_WARN_DIRECT_OBJC_ISA_USAGE = YES_ERROR;
				CLANG_WARN_DOCUMENTATION_COMMENTS = YES;
				CLANG_WARN_EMPTY_BODY = YES;
				CLANG_WARN_ENUM_CONVERSION = YES;
				CLANG_WARN_INFINITE_RECURSION = YES;
				CLANG_WARN_INT_CONVERSION = YES;
				CLANG_WARN_NON_LITERAL_NULL_CONVERSION = YES;
				CLANG_WARN_OBJC_IMPLICIT_RETAIN_SELF = YES;
				CLANG_WARN_OBJC_LITERAL_CONVERSION = YES;
				CLANG_WARN_OBJC_ROOT_CLASS = YES_ERROR;
				CLANG_WARN_QUOTED_INCLUDE_IN_FRAMEWORK_HEADER = YES;
				CLANG_WARN_RANGE_LOOP_ANALYSIS = YES;
				CLANG_WARN_STRICT_PROTOTYPES = YES;
				CLANG_WARN_SUSPICIOUS_MOVE = YES;
				CLANG_WARN_UNGUARDED_AVAILABILITY = YES_AGGRESSIVE;
				CLANG_WARN_UNREACHABLE_CODE = YES;
				CLANG_WARN__DUPLICATE_METHOD_MATCH = YES;
				COPY_PHASE_STRIP = NO;
				DEBUG_INFORMATION_FORMAT = "dwarf-with-dsym";
				ENABLE_NS_ASSERTIONS = NO;
				ENABLE_STRICT_OBJC_MSGSEND = YES;
				GCC_C_LANGUAGE_STANDARD = gnu11;
				GCC_NO_COMMON_BLOCKS = YES;
				GCC_WARN_64_TO_32_BIT_CONVERSION = YES;
				GCC_WARN_ABOUT_RETURN_TYPE = YES_ERROR;
				GCC_WARN_UNDECLARED_SELECTOR = YES;
				GCC_WARN_UNINITIALIZED_AUTOS = YES_AGGRESSIVE;
				GCC_WARN_UNUSED_FUNCTION = YES;
				GCC_WARN_UNUSED_VARIABLE = YES;
				IPHONEOS_DEPLOYMENT_TARGET = 16.2;
				MTL_ENABLE_DEBUG_INFO = NO;
				MTL_FAST_MATH = YES;
				SDKROOT = iphoneos;
				SWIFT_COMPILATION_MODE = wholemodule;
				SWIFT_OPTIMIZATION_LEVEL = "-O";
				VALIDATE_PRODUCT = YES;
			};
			name = Release;
		};
		F8EEDBB829F392B2001233C8 /* Debug */ = {
			isa = XCBuildConfiguration;
			buildSettings = {
				ASSETCATALOG_COMPILER_APPICON_NAME = AppIcon;
				ASSETCATALOG_COMPILER_GLOBAL_ACCENT_COLOR_NAME = AccentColor;
				CODE_SIGN_ENTITLEMENTS = daycheck/daycheck.entitlements;
				CODE_SIGN_STYLE = Automatic;
				CURRENT_PROJECT_VERSION = 10;
				DEVELOPMENT_ASSET_PATHS = "\"daycheck/Preview Content\"";
				DEVELOPMENT_TEAM = L832SX5MC4;
				ENABLE_PREVIEWS = YES;
				GENERATE_INFOPLIST_FILE = YES;
				INFOPLIST_FILE = daycheck/Info.plist;
				INFOPLIST_KEY_UIApplicationSceneManifest_Generation = YES;
				INFOPLIST_KEY_UIApplicationSupportsIndirectInputEvents = YES;
				INFOPLIST_KEY_UILaunchScreen_Generation = YES;
				INFOPLIST_KEY_UISupportedInterfaceOrientations = UIInterfaceOrientationPortrait;
				INFOPLIST_KEY_UISupportedInterfaceOrientations_iPad = "UIInterfaceOrientationLandscapeLeft UIInterfaceOrientationLandscapeRight UIInterfaceOrientationPortrait UIInterfaceOrientationPortraitUpsideDown";
				IPHONEOS_DEPLOYMENT_TARGET = 16.0;
				LD_RUNPATH_SEARCH_PATHS = (
					"$(inherited)",
					"@executable_path/Frameworks",
				);
				MARKETING_VERSION = 1.0;
				PRODUCT_BUNDLE_IDENTIFIER = com.stefanchurch.daycheck;
				PRODUCT_NAME = "$(TARGET_NAME)";
				SWIFT_EMIT_LOC_STRINGS = YES;
				SWIFT_VERSION = 5.0;
				TARGETED_DEVICE_FAMILY = "1,2";
			};
			name = Debug;
		};
		F8EEDBB929F392B2001233C8 /* Release */ = {
			isa = XCBuildConfiguration;
			buildSettings = {
				ASSETCATALOG_COMPILER_APPICON_NAME = AppIcon;
				ASSETCATALOG_COMPILER_GLOBAL_ACCENT_COLOR_NAME = AccentColor;
				CODE_SIGN_ENTITLEMENTS = daycheck/daycheck.entitlements;
				CODE_SIGN_STYLE = Automatic;
				CURRENT_PROJECT_VERSION = 10;
				DEVELOPMENT_ASSET_PATHS = "\"daycheck/Preview Content\"";
				DEVELOPMENT_TEAM = L832SX5MC4;
				ENABLE_PREVIEWS = YES;
				GENERATE_INFOPLIST_FILE = YES;
				INFOPLIST_FILE = daycheck/Info.plist;
				INFOPLIST_KEY_UIApplicationSceneManifest_Generation = YES;
				INFOPLIST_KEY_UIApplicationSupportsIndirectInputEvents = YES;
				INFOPLIST_KEY_UILaunchScreen_Generation = YES;
				INFOPLIST_KEY_UISupportedInterfaceOrientations = UIInterfaceOrientationPortrait;
				INFOPLIST_KEY_UISupportedInterfaceOrientations_iPad = "UIInterfaceOrientationLandscapeLeft UIInterfaceOrientationLandscapeRight UIInterfaceOrientationPortrait UIInterfaceOrientationPortraitUpsideDown";
				IPHONEOS_DEPLOYMENT_TARGET = 16.0;
				LD_RUNPATH_SEARCH_PATHS = (
					"$(inherited)",
					"@executable_path/Frameworks",
				);
				MARKETING_VERSION = 1.0;
				PRODUCT_BUNDLE_IDENTIFIER = com.stefanchurch.daycheck;
				PRODUCT_NAME = "$(TARGET_NAME)";
				SWIFT_EMIT_LOC_STRINGS = YES;
				SWIFT_VERSION = 5.0;
				TARGETED_DEVICE_FAMILY = "1,2";
			};
			name = Release;
		};
/* End XCBuildConfiguration section */

/* Begin XCConfigurationList section */
		F8EEDBA429F392B1001233C8 /* Build configuration list for PBXProject "daycheck" */ = {
			isa = XCConfigurationList;
			buildConfigurations = (
				F8EEDBB529F392B2001233C8 /* Debug */,
				F8EEDBB629F392B2001233C8 /* Release */,
			);
			defaultConfigurationIsVisible = 0;
			defaultConfigurationName = Release;
		};
		F8EEDBB729F392B2001233C8 /* Build configuration list for PBXNativeTarget "daycheck" */ = {
			isa = XCConfigurationList;
			buildConfigurations = (
				F8EEDBB829F392B2001233C8 /* Debug */,
				F8EEDBB929F392B2001233C8 /* Release */,
			);
			defaultConfigurationIsVisible = 0;
			defaultConfigurationName = Release;
		};
/* End XCConfigurationList section */
	};
	rootObject = F8EEDBA129F392B1001233C8 /* Project object */;
}
